<<<<<<< HEAD
﻿
Microsoft Visual Studio Solution File, Format Version 12.00
# Visual Studio Version 16
VisualStudioVersion = 16.0.32126.315
MinimumVisualStudioVersion = 10.0.40219.1
Project("{9A19103F-16F7-4668-BE54-9A1E7A4F7556}") = "PracticaA01", "PracticaA01\PracticaA01.csproj", "{15909559-78DB-4FA0-B779-85773464D50F}"
EndProject
Project("{FAE04EC0-301F-11D3-BF4B-00C04F79EFBC}") = "CovarianceContravariance", "CovarianceContravariance\CovarianceContravariance.csproj", "{118537B4-613D-4C48-A396-EC930BB30B64}"
EndProject
Global
	GlobalSection(SolutionConfigurationPlatforms) = preSolution
		Debug|Any CPU = Debug|Any CPU
		Release|Any CPU = Release|Any CPU
	EndGlobalSection
	GlobalSection(ProjectConfigurationPlatforms) = postSolution
		{15909559-78DB-4FA0-B779-85773464D50F}.Debug|Any CPU.ActiveCfg = Debug|Any CPU
		{15909559-78DB-4FA0-B779-85773464D50F}.Debug|Any CPU.Build.0 = Debug|Any CPU
		{15909559-78DB-4FA0-B779-85773464D50F}.Release|Any CPU.ActiveCfg = Release|Any CPU
		{15909559-78DB-4FA0-B779-85773464D50F}.Release|Any CPU.Build.0 = Release|Any CPU
		{118537B4-613D-4C48-A396-EC930BB30B64}.Debug|Any CPU.ActiveCfg = Debug|Any CPU
		{118537B4-613D-4C48-A396-EC930BB30B64}.Debug|Any CPU.Build.0 = Debug|Any CPU
		{118537B4-613D-4C48-A396-EC930BB30B64}.Release|Any CPU.ActiveCfg = Release|Any CPU
		{118537B4-613D-4C48-A396-EC930BB30B64}.Release|Any CPU.Build.0 = Release|Any CPU
	EndGlobalSection
	GlobalSection(SolutionProperties) = preSolution
		HideSolutionNode = FALSE
	EndGlobalSection
	GlobalSection(ExtensibilityGlobals) = postSolution
		SolutionGuid = {0CB021DB-CE81-4FC3-A254-9FF3EEE847A2}
	EndGlobalSection
EndGlobal
=======
﻿
Microsoft Visual Studio Solution File, Format Version 12.00
# Visual Studio Version 16
VisualStudioVersion = 16.0.32126.315
MinimumVisualStudioVersion = 10.0.40219.1
Project("{9A19103F-16F7-4668-BE54-9A1E7A4F7556}") = "PracticaA01", "PracticaA01\PracticaA01.csproj", "{15909559-78DB-4FA0-B779-85773464D50F}"
EndProject
Project("{FAE04EC0-301F-11D3-BF4B-00C04F79EFBC}") = "CovarianceContravariance", "CovarianceContravariance\CovarianceContravariance.csproj", "{118537B4-613D-4C48-A396-EC930BB30B64}"
EndProject
Global
	GlobalSection(SolutionConfigurationPlatforms) = preSolution
		Debug|Any CPU = Debug|Any CPU
		Release|Any CPU = Release|Any CPU
	EndGlobalSection
	GlobalSection(ProjectConfigurationPlatforms) = postSolution
		{15909559-78DB-4FA0-B779-85773464D50F}.Debug|Any CPU.ActiveCfg = Debug|Any CPU
		{15909559-78DB-4FA0-B779-85773464D50F}.Debug|Any CPU.Build.0 = Debug|Any CPU
		{15909559-78DB-4FA0-B779-85773464D50F}.Release|Any CPU.ActiveCfg = Release|Any CPU
		{15909559-78DB-4FA0-B779-85773464D50F}.Release|Any CPU.Build.0 = Release|Any CPU
		{118537B4-613D-4C48-A396-EC930BB30B64}.Debug|Any CPU.ActiveCfg = Debug|Any CPU
		{118537B4-613D-4C48-A396-EC930BB30B64}.Debug|Any CPU.Build.0 = Debug|Any CPU
		{118537B4-613D-4C48-A396-EC930BB30B64}.Release|Any CPU.ActiveCfg = Release|Any CPU
		{118537B4-613D-4C48-A396-EC930BB30B64}.Release|Any CPU.Build.0 = Release|Any CPU
	EndGlobalSection
	GlobalSection(SolutionProperties) = preSolution
		HideSolutionNode = FALSE
	EndGlobalSection
	GlobalSection(ExtensibilityGlobals) = postSolution
		SolutionGuid = {0CB021DB-CE81-4FC3-A254-9FF3EEE847A2}
	EndGlobalSection
EndGlobal
>>>>>>> 29437dd3bc34219ad0f7c6fb01e35081df0bc8ec
